
Microsoft Visual Studio Solution File, Format Version 12.00
# Visual Studio Version 16
VisualStudioVersion = 16.0.29613.14
MinimumVisualStudioVersion = 10.0.40219.1
Project("{9A19103F-16F7-4668-BE54-9A1E7A4F7556}") = "MeshIO", "MeshIO\MeshIO.csproj", "{3F391F00-A310-4681-BE94-15329D662A3D}"
EndProject
Project("{2150E333-8FDC-42A3-9474-1A3956D46DE8}") = "Solution Items", "Solution Items", "{DA7FF092-3DA1-4942-9FF6-B42F1CDBD0C6}"
	ProjectSection(SolutionItems) = preProject
		.editorconfig = .editorconfig
		.gitignore = .gitignore
		.gitmodules = .gitmodules
		LICENSE = LICENSE
		README.md = README.md
	EndProjectSection
EndProject
Project("{9A19103F-16F7-4668-BE54-9A1E7A4F7556}") = "MeshIO.FBX", "MeshIO.FBX\MeshIO.FBX.csproj", "{FE3E6007-BC34-4E40-9C65-5FA5274AA3AA}"
EndProject
Project("{9A19103F-16F7-4668-BE54-9A1E7A4F7556}") = "MeshIO.Examples", "MeshIO.Examples\MeshIO.Examples.csproj", "{55281519-37E7-42BC-B467-9D3CED013C23}"
EndProject
Project("{9A19103F-16F7-4668-BE54-9A1E7A4F7556}") = "MeshIO.GLTF", "MeshIO.GLTF\MeshIO.GLTF.csproj", "{D1EA3B08-85CC-4085-BAA1-C47040E7E621}"
EndProject
Project("{2150E333-8FDC-42A3-9474-1A3956D46DE8}") = "file_samples", "file_samples", "{9C0B5243-FD21-4933-9269-5B3A958D2B83}"
EndProject
Project("{2150E333-8FDC-42A3-9474-1A3956D46DE8}") = "fbx", "fbx", "{6BAF95A1-2B12-4667-81EA-AE32A5A49AEA}"
	ProjectSection(SolutionItems) = preProject
		file_samples\fbx\blender_sample.fbx = file_samples\fbx\blender_sample.fbx
		file_samples\fbx\fbx_ascii_project.fbx = file_samples\fbx\fbx_ascii_project.fbx
		file_samples\fbx\objects_ascii_2014-2015.fbx = file_samples\fbx\objects_ascii_2014-2015.fbx
		file_samples\fbx\objects_ascii_2014-2015_out.fbx = file_samples\fbx\objects_ascii_2014-2015_out.fbx
		file_samples\fbx\simple_box_ascii_2014-2015.FBX = file_samples\fbx\simple_box_ascii_2014-2015.FBX
		file_samples\fbx\simple_box_ascii_2019.FBX = file_samples\fbx\simple_box_ascii_2019.FBX
		file_samples\fbx\simple_box_binary_2014-2015.FBX = file_samples\fbx\simple_box_binary_2014-2015.FBX
		file_samples\fbx\simple_box_binary_2019.FBX = file_samples\fbx\simple_box_binary_2019.FBX
		file_samples\fbx\test_project_arq.fbx = file_samples\fbx\test_project_arq.fbx
		file_samples\fbx\test_project_arq_acsii.fbx = file_samples\fbx\test_project_arq_acsii.fbx
	EndProjectSection
EndProject
Project("{2150E333-8FDC-42A3-9474-1A3956D46DE8}") = "gltf", "gltf", "{0A337B82-E010-42F4-88A8-9381AA7476CD}"
	ProjectSection(SolutionItems) = preProject
		file_samples\gltf\2CylinderEngine.glb = file_samples\gltf\2CylinderEngine.glb
		file_samples\gltf\2CylinderEngine.json = file_samples\gltf\2CylinderEngine.json
		file_samples\gltf\arq.babylon.glb = file_samples\gltf\arq.babylon.glb
		file_samples\gltf\arq.babylon.json = file_samples\gltf\arq.babylon.json
		file_samples\gltf\canoe.glb = file_samples\gltf\canoe.glb
		file_samples\gltf\canoe_header.json = file_samples\gltf\canoe_header.json
		file_samples\gltf\tent.glb = file_samples\gltf\tent.glb
	EndProjectSection
EndProject
Project("{9A19103F-16F7-4668-BE54-9A1E7A4F7556}") = "MeshIO.Tests", "MeshIO.Tests\MeshIO.Tests.csproj", "{0DC52F2F-8232-430F-B0C9-B207F64254D7}"
EndProject
Project("{9A19103F-16F7-4668-BE54-9A1E7A4F7556}") = "MeshIO.OBJ", "MeshIO.OBJ\MeshIO.OBJ.csproj", "{23E1077D-5EED-43D7-ABAB-F3DB7BA21E37}"
EndProject
Project("{2150E333-8FDC-42A3-9474-1A3956D46DE8}") = "obj", "obj", "{590110F8-095C-49C7-80B2-C1D63588F4D6}"
	ProjectSection(SolutionItems) = preProject
		file_samples\obj\teapot.obj = file_samples\obj\teapot.obj
	EndProjectSection
EndProject
Project("{D954291E-2A0B-460D-934E-DC6B0785DB48}") = "CSUtilities", "CSUtilities\CSUtilities\CSUtilities.shproj", "{B4EF345D-52B9-47F1-AA2A-B4AE85F62EFC}"
EndProject
Project("{2150E333-8FDC-42A3-9474-1A3956D46DE8}") = ".github", ".github", "{006DAC54-BEE3-4878-900F-4E698B519501}"
EndProject
Project("{2150E333-8FDC-42A3-9474-1A3956D46DE8}") = "workflows", "workflows", "{FF66D7A6-6DCE-41DE-B30F-492988B2DF63}"
	ProjectSection(SolutionItems) = preProject
		.github\workflows\build_n_test.yml = .github\workflows\build_n_test.yml
	EndProjectSection
EndProject
Global
	GlobalSection(SharedMSBuildProjectFiles) = preSolution
		CSUtilities\CSUtilities\CSUtilities.projitems*{b4ef345d-52b9-47f1-aa2a-b4ae85f62efc}*SharedItemsImports = 13
		CSUtilities\CSUtilities\CSUtilities.projitems*{d1ea3b08-85cc-4085-baa1-c47040e7e621}*SharedItemsImports = 5
	EndGlobalSection
	GlobalSection(SolutionConfigurationPlatforms) = preSolution
		Debug|Any CPU = Debug|Any CPU
		Release|Any CPU = Release|Any CPU
	EndGlobalSection
	GlobalSection(ProjectConfigurationPlatforms) = postSolution
		{3F391F00-A310-4681-BE94-15329D662A3D}.Debug|Any CPU.ActiveCfg = Debug|Any CPU
		{3F391F00-A310-4681-BE94-15329D662A3D}.Debug|Any CPU.Build.0 = Debug|Any CPU
		{3F391F00-A310-4681-BE94-15329D662A3D}.Release|Any CPU.ActiveCfg = Release|Any CPU
		{3F391F00-A310-4681-BE94-15329D662A3D}.Release|Any CPU.Build.0 = Release|Any CPU
		{FE3E6007-BC34-4E40-9C65-5FA5274AA3AA}.Debug|Any CPU.ActiveCfg = Debug|Any CPU
		{FE3E6007-BC34-4E40-9C65-5FA5274AA3AA}.Debug|Any CPU.Build.0 = Debug|Any CPU
		{FE3E6007-BC34-4E40-9C65-5FA5274AA3AA}.Release|Any CPU.ActiveCfg = Release|Any CPU
		{FE3E6007-BC34-4E40-9C65-5FA5274AA3AA}.Release|Any CPU.Build.0 = Release|Any CPU
		{55281519-37E7-42BC-B467-9D3CED013C23}.Debug|Any CPU.ActiveCfg = Debug|Any CPU
		{55281519-37E7-42BC-B467-9D3CED013C23}.Debug|Any CPU.Build.0 = Debug|Any CPU
		{55281519-37E7-42BC-B467-9D3CED013C23}.Release|Any CPU.ActiveCfg = Release|Any CPU
		{55281519-37E7-42BC-B467-9D3CED013C23}.Release|Any CPU.Build.0 = Release|Any CPU
		{D1EA3B08-85CC-4085-BAA1-C47040E7E621}.Debug|Any CPU.ActiveCfg = Debug|Any CPU
		{D1EA3B08-85CC-4085-BAA1-C47040E7E621}.Debug|Any CPU.Build.0 = Debug|Any CPU
		{D1EA3B08-85CC-4085-BAA1-C47040E7E621}.Release|Any CPU.ActiveCfg = Release|Any CPU
		{D1EA3B08-85CC-4085-BAA1-C47040E7E621}.Release|Any CPU.Build.0 = Release|Any CPU
		{0DC52F2F-8232-430F-B0C9-B207F64254D7}.Debug|Any CPU.ActiveCfg = Debug|Any CPU
		{0DC52F2F-8232-430F-B0C9-B207F64254D7}.Debug|Any CPU.Build.0 = Debug|Any CPU
		{0DC52F2F-8232-430F-B0C9-B207F64254D7}.Release|Any CPU.ActiveCfg = Release|Any CPU
		{0DC52F2F-8232-430F-B0C9-B207F64254D7}.Release|Any CPU.Build.0 = Release|Any CPU
		{23E1077D-5EED-43D7-ABAB-F3DB7BA21E37}.Debug|Any CPU.ActiveCfg = Debug|Any CPU
		{23E1077D-5EED-43D7-ABAB-F3DB7BA21E37}.Debug|Any CPU.Build.0 = Debug|Any CPU
		{23E1077D-5EED-43D7-ABAB-F3DB7BA21E37}.Release|Any CPU.ActiveCfg = Release|Any CPU
		{23E1077D-5EED-43D7-ABAB-F3DB7BA21E37}.Release|Any CPU.Build.0 = Release|Any CPU
	EndGlobalSection
	GlobalSection(SolutionProperties) = preSolution
		HideSolutionNode = FALSE
	EndGlobalSection
	GlobalSection(NestedProjects) = preSolution
		{9C0B5243-FD21-4933-9269-5B3A958D2B83} = {DA7FF092-3DA1-4942-9FF6-B42F1CDBD0C6}
		{6BAF95A1-2B12-4667-81EA-AE32A5A49AEA} = {9C0B5243-FD21-4933-9269-5B3A958D2B83}
		{0A337B82-E010-42F4-88A8-9381AA7476CD} = {9C0B5243-FD21-4933-9269-5B3A958D2B83}
		{590110F8-095C-49C7-80B2-C1D63588F4D6} = {9C0B5243-FD21-4933-9269-5B3A958D2B83}
		{006DAC54-BEE3-4878-900F-4E698B519501} = {DA7FF092-3DA1-4942-9FF6-B42F1CDBD0C6}
		{FF66D7A6-6DCE-41DE-B30F-492988B2DF63} = {006DAC54-BEE3-4878-900F-4E698B519501}
	EndGlobalSection
	GlobalSection(ExtensibilityGlobals) = postSolution
		SolutionGuid = {B96D2DF1-9226-4CEE-BF70-43C8318F59DC}
	EndGlobalSection
EndGlobal
