
Microsoft Visual Studio Solution File, Format Version 12.00
# Visual Studio Version 17
VisualStudioVersion = 17.5.33516.290
MinimumVisualStudioVersion = 10.0.40219.1
Project("{9A19103F-16F7-4668-BE54-9A1E7A4F7556}") = "MeshIO.Examples", "MeshIO.Examples\MeshIO.Examples.csproj", "{CB1E116C-AC8B-4E5E-AAB2-C0C8BFFF0E61}"
EndProject
Project("{2150E333-8FDC-42A3-9474-1A3956D46DE8}") = "MeshIO", "MeshIO", "{3D8A08FA-4977-410F-B8ED-4B3D8759C658}"
EndProject
Project("{9A19103F-16F7-4668-BE54-9A1E7A4F7556}") = "MeshIO", "..\src\MeshIO\MeshIO.csproj", "{A73334D9-6533-40BC-9437-634DA44FE2CE}"
EndProject
Project("{9A19103F-16F7-4668-BE54-9A1E7A4F7556}") = "MeshIO.FBX", "..\src\MeshIO.FBX\MeshIO.FBX.csproj", "{6CA47125-AB02-44F5-BF8E-0360A802B444}"
EndProject
Project("{9A19103F-16F7-4668-BE54-9A1E7A4F7556}") = "MeshIO.STL", "..\src\MeshIO.STL\MeshIO.STL.csproj", "{3A3D9A90-C9D1-4EE7-8F9E-A8CF46A2FA08}"
EndProject
Global
	GlobalSection(SolutionConfigurationPlatforms) = preSolution
		Debug|Any CPU = Debug|Any CPU
		Release|Any CPU = Release|Any CPU
	EndGlobalSection
	GlobalSection(ProjectConfigurationPlatforms) = postSolution
		{CB1E116C-AC8B-4E5E-AAB2-C0C8BFFF0E61}.Debug|Any CPU.ActiveCfg = Debug|Any CPU
		{CB1E116C-AC8B-4E5E-AAB2-C0C8BFFF0E61}.Debug|Any CPU.Build.0 = Debug|Any CPU
		{CB1E116C-AC8B-4E5E-AAB2-C0C8BFFF0E61}.Release|Any CPU.ActiveCfg = Release|Any CPU
		{CB1E116C-AC8B-4E5E-AAB2-C0C8BFFF0E61}.Release|Any CPU.Build.0 = Release|Any CPU
		{A73334D9-6533-40BC-9437-634DA44FE2CE}.Debug|Any CPU.ActiveCfg = Debug|Any CPU
		{A73334D9-6533-40BC-9437-634DA44FE2CE}.Debug|Any CPU.Build.0 = Debug|Any CPU
		{A73334D9-6533-40BC-9437-634DA44FE2CE}.Release|Any CPU.ActiveCfg = Release|Any CPU
		{A73334D9-6533-40BC-9437-634DA44FE2CE}.Release|Any CPU.Build.0 = Release|Any CPU
		{6CA47125-AB02-44F5-BF8E-0360A802B444}.Debug|Any CPU.ActiveCfg = Debug|Any CPU
		{6CA47125-AB02-44F5-BF8E-0360A802B444}.Debug|Any CPU.Build.0 = Debug|Any CPU
		{6CA47125-AB02-44F5-BF8E-0360A802B444}.Release|Any CPU.ActiveCfg = Release|Any CPU
		{6CA47125-AB02-44F5-BF8E-0360A802B444}.Release|Any CPU.Build.0 = Release|Any CPU
		{3A3D9A90-C9D1-4EE7-8F9E-A8CF46A2FA08}.Debug|Any CPU.ActiveCfg = Debug|Any CPU
		{3A3D9A90-C9D1-4EE7-8F9E-A8CF46A2FA08}.Debug|Any CPU.Build.0 = Debug|Any CPU
		{3A3D9A90-C9D1-4EE7-8F9E-A8CF46A2FA08}.Release|Any CPU.ActiveCfg = Release|Any CPU
		{3A3D9A90-C9D1-4EE7-8F9E-A8CF46A2FA08}.Release|Any CPU.Build.0 = Release|Any CPU
	EndGlobalSection
	GlobalSection(SolutionProperties) = preSolution
		HideSolutionNode = FALSE
	EndGlobalSection
	GlobalSection(NestedProjects) = preSolution
		{A73334D9-6533-40BC-9437-634DA44FE2CE} = {3D8A08FA-4977-410F-B8ED-4B3D8759C658}
		{6CA47125-AB02-44F5-BF8E-0360A802B444} = {3D8A08FA-4977-410F-B8ED-4B3D8759C658}
		{3A3D9A90-C9D1-4EE7-8F9E-A8CF46A2FA08} = {3D8A08FA-4977-410F-B8ED-4B3D8759C658}
	EndGlobalSection
	GlobalSection(ExtensibilityGlobals) = postSolution
		SolutionGuid = {36B540B3-B1F8-4D83-BE62-AEECCADFD842}
	EndGlobalSection
	GlobalSection(SharedMSBuildProjectFiles) = preSolution
		..\src\CSUtilities\CSUtilities\CSUtilities.projitems*{3a3d9a90-c9d1-4ee7-8f9e-a8cf46a2fa08}*SharedItemsImports = 5
		..\src\CSUtilities\CSMath\CSMath.projitems*{a73334d9-6533-40bc-9437-634da44fe2ce}*SharedItemsImports = 5
	EndGlobalSection
EndGlobal
