
Microsoft Visual Studio Solution File, Format Version 12.00
# Visual Studio Version 17
VisualStudioVersion = 17.1.32210.238
MinimumVisualStudioVersion = 10.0.40219.1
Project("{9A19103F-16F7-4668-BE54-9A1E7A4F7556}") = "MeshIO", "MeshIO\MeshIO.csproj", "{3F391F00-A310-4681-BE94-15329D662A3D}"
EndProject
Project("{2150E333-8FDC-42A3-9474-1A3956D46DE8}") = "Submodules", "Submodules", "{D5A86352-D79D-4308-819A-2C4402CBCE96}"
EndProject
Project("{D954291E-2A0B-460D-934E-DC6B0785DB48}") = "CSMath", "CSUtilities\CSMath\CSMath.shproj", "{411B6122-5EF6-46DB-A8F2-43E9C1841E4A}"
EndProject
Project("{D954291E-2A0B-460D-934E-DC6B0785DB48}") = "CSUtilities", "CSUtilities\CSUtilities\CSUtilities.shproj", "{AD858F2B-04A1-41DD-BB3B-DDE4804CD2E6}"
EndProject
Project("{2150E333-8FDC-42A3-9474-1A3956D46DE8}") = "Github Actions", "Github Actions", "{907EB71A-E08D-4483-BC11-B96E1F65BDF6}"
	ProjectSection(SolutionItems) = preProject
		..\.github\workflows\build.yml = ..\.github\workflows\build.yml
		..\.github\workflows\build_n_test.yml = ..\.github\workflows\build_n_test.yml
	EndProjectSection
EndProject
Project("{2150E333-8FDC-42A3-9474-1A3956D46DE8}") = "repo", "repo", "{F37B65A4-9A24-41EA-9A72-D3439074C3D2}"
	ProjectSection(SolutionItems) = preProject
		..\.editorconfig = ..\.editorconfig
		..\.gitignore = ..\.gitignore
		..\.gitmodules = ..\.gitmodules
		Directory.Build.props = Directory.Build.props
		..\README.md = ..\README.md
	EndProjectSection
EndProject
Project("{9A19103F-16F7-4668-BE54-9A1E7A4F7556}") = "MeshIO.Tests", "MeshIO.Tests\MeshIO.Tests.csproj", "{94C45D19-8231-437F-AB4D-02FA072A923C}"
EndProject
Global
	GlobalSection(SolutionConfigurationPlatforms) = preSolution
		Debug|Any CPU = Debug|Any CPU
		Release|Any CPU = Release|Any CPU
	EndGlobalSection
	GlobalSection(ProjectConfigurationPlatforms) = postSolution
		{3F391F00-A310-4681-BE94-15329D662A3D}.Debug|Any CPU.ActiveCfg = Debug|Any CPU
		{3F391F00-A310-4681-BE94-15329D662A3D}.Debug|Any CPU.Build.0 = Debug|Any CPU
		{3F391F00-A310-4681-BE94-15329D662A3D}.Release|Any CPU.ActiveCfg = Release|Any CPU
		{3F391F00-A310-4681-BE94-15329D662A3D}.Release|Any CPU.Build.0 = Release|Any CPU
		{94C45D19-8231-437F-AB4D-02FA072A923C}.Debug|Any CPU.ActiveCfg = Debug|Any CPU
		{94C45D19-8231-437F-AB4D-02FA072A923C}.Debug|Any CPU.Build.0 = Debug|Any CPU
		{94C45D19-8231-437F-AB4D-02FA072A923C}.Release|Any CPU.ActiveCfg = Release|Any CPU
		{94C45D19-8231-437F-AB4D-02FA072A923C}.Release|Any CPU.Build.0 = Release|Any CPU
	EndGlobalSection
	GlobalSection(SolutionProperties) = preSolution
		HideSolutionNode = FALSE
	EndGlobalSection
	GlobalSection(NestedProjects) = preSolution
		{411B6122-5EF6-46DB-A8F2-43E9C1841E4A} = {D5A86352-D79D-4308-819A-2C4402CBCE96}
		{AD858F2B-04A1-41DD-BB3B-DDE4804CD2E6} = {D5A86352-D79D-4308-819A-2C4402CBCE96}
		{907EB71A-E08D-4483-BC11-B96E1F65BDF6} = {F37B65A4-9A24-41EA-9A72-D3439074C3D2}
	EndGlobalSection
	GlobalSection(ExtensibilityGlobals) = postSolution
		SolutionGuid = {B96D2DF1-9226-4CEE-BF70-43C8318F59DC}
	EndGlobalSection
	GlobalSection(SharedMSBuildProjectFiles) = preSolution
		CSUtilities\CSMath\CSMath.projitems*{3f391f00-a310-4681-be94-15329d662a3d}*SharedItemsImports = 5
		CSUtilities\CSUtilities\CSUtilities.projitems*{3f391f00-a310-4681-be94-15329d662a3d}*SharedItemsImports = 5
		CSUtilities\CSMath\CSMath.projitems*{411b6122-5ef6-46db-a8f2-43e9c1841e4a}*SharedItemsImports = 13
		CSUtilities\CSUtilities\CSUtilities.projitems*{ad858f2b-04a1-41dd-bb3b-dde4804cd2e6}*SharedItemsImports = 13
	EndGlobalSection
EndGlobal
